
Microsoft Visual Studio Solution File, Format Version 12.00
# Visual Studio 15
VisualStudioVersion = 15.0.28307.168
MinimumVisualStudioVersion = 10.0.40219.1
Project("{9A19103F-16F7-4668-BE54-9A1E7A4F7556}") = "Psyche.NET", "Psyche.NET\Psyche.NET.csproj", "{0314F003-8C02-4C98-88EF-6D7E6E1C7EBD}"
EndProject
Project("{FAE04EC0-301F-11D3-BF4B-00C04F79EFBC}") = "Test", "Test\Test.csproj", "{72C3C759-083C-40AE-922C-AE0AF9FF27C8}"
EndProject
Global
	GlobalSection(SolutionConfigurationPlatforms) = preSolution
		Debug|Any CPU = Debug|Any CPU
		Release|Any CPU = Release|Any CPU
	EndGlobalSection
	GlobalSection(ProjectConfigurationPlatforms) = postSolution
		{0314F003-8C02-4C98-88EF-6D7E6E1C7EBD}.Debug|Any CPU.ActiveCfg = Debug|Any CPU
		{0314F003-8C02-4C98-88EF-6D7E6E1C7EBD}.Debug|Any CPU.Build.0 = Debug|Any CPU
		{0314F003-8C02-4C98-88EF-6D7E6E1C7EBD}.Release|Any CPU.ActiveCfg = Release|Any CPU
		{0314F003-8C02-4C98-88EF-6D7E6E1C7EBD}.Release|Any CPU.Build.0 = Release|Any CPU
		{72C3C759-083C-40AE-922C-AE0AF9FF27C8}.Debug|Any CPU.ActiveCfg = Debug|Any CPU
		{72C3C759-083C-40AE-922C-AE0AF9FF27C8}.Debug|Any CPU.Build.0 = Debug|Any CPU
		{72C3C759-083C-40AE-922C-AE0AF9FF27C8}.Release|Any CPU.ActiveCfg = Release|Any CPU
		{72C3C759-083C-40AE-922C-AE0AF9FF27C8}.Release|Any CPU.Build.0 = Release|Any CPU
	EndGlobalSection
	GlobalSection(SolutionProperties) = preSolution
		HideSolutionNode = FALSE
	EndGlobalSection
	GlobalSection(ExtensibilityGlobals) = postSolution
		SolutionGuid = {CE673539-7E78-4B3D-8BC3-B1966A4191DD}
	EndGlobalSection
EndGlobal
